
Microsoft Visual Studio Solution File, Format Version 12.00
# Visual Studio Version 16
VisualStudioVersion = 16.0.808.4
MinimumVisualStudioVersion = 10.0.40219.1
Project("{FAE04EC0-301F-11D3-BF4B-00C04F79EFBC}") = "Assignment_10", "Assignment_10\Assignment_10.csproj", "{24D67DB6-9C0E-4447-B170-AB80F2698213}"
EndProject
Global
	GlobalSection(SolutionConfigurationPlatforms) = preSolution
		Debug|Any CPU = Debug|Any CPU
		Release|Any CPU = Release|Any CPU
	EndGlobalSection
	GlobalSection(ProjectConfigurationPlatforms) = postSolution
		{24D67DB6-9C0E-4447-B170-AB80F2698213}.Debug|Any CPU.ActiveCfg = Debug|Any CPU
		{24D67DB6-9C0E-4447-B170-AB80F2698213}.Debug|Any CPU.Build.0 = Debug|Any CPU
		{24D67DB6-9C0E-4447-B170-AB80F2698213}.Release|Any CPU.ActiveCfg = Release|Any CPU
		{24D67DB6-9C0E-4447-B170-AB80F2698213}.Release|Any CPU.Build.0 = Release|Any CPU
	EndGlobalSection
	GlobalSection(SolutionProperties) = preSolution
		HideSolutionNode = FALSE
	EndGlobalSection
	GlobalSection(ExtensibilityGlobals) = postSolution
		SolutionGuid = {16FC7650-E082-4C60-851C-8BBE0ABD37B0}
	EndGlobalSection
EndGlobal
